
Microsoft Visual Studio Solution File, Format Version 12.00
# Visual Studio Version 16
VisualStudioVersion = 16.0.30011.22
MinimumVisualStudioVersion = 10.0.40219.1
Project("{F2A71F9B-5D33-465A-A702-920D77279786}") = "dijkstra-fsharp", "dijkstra-fsharp\dijkstra-fsharp.fsproj", "{4876CD20-155B-4357-B03F-B024EFF17E1E}"
EndProject
Project("{FAE04EC0-301F-11D3-BF4B-00C04F79EFBC}") = "dijkstra-csharp", "dijkstra-csharp\dijkstra-csharp.csproj", "{52E3C7B7-9426-4511-9D55-5E5879649479}"
EndProject
Global
	GlobalSection(SolutionConfigurationPlatforms) = preSolution
		Debug|Any CPU = Debug|Any CPU
		Release|Any CPU = Release|Any CPU
	EndGlobalSection
	GlobalSection(ProjectConfigurationPlatforms) = postSolution
		{4876CD20-155B-4357-B03F-B024EFF17E1E}.Debug|Any CPU.ActiveCfg = Debug|Any CPU
		{4876CD20-155B-4357-B03F-B024EFF17E1E}.Debug|Any CPU.Build.0 = Debug|Any CPU
		{4876CD20-155B-4357-B03F-B024EFF17E1E}.Release|Any CPU.ActiveCfg = Release|Any CPU
		{4876CD20-155B-4357-B03F-B024EFF17E1E}.Release|Any CPU.Build.0 = Release|Any CPU
		{52E3C7B7-9426-4511-9D55-5E5879649479}.Debug|Any CPU.ActiveCfg = Debug|Any CPU
		{52E3C7B7-9426-4511-9D55-5E5879649479}.Debug|Any CPU.Build.0 = Debug|Any CPU
		{52E3C7B7-9426-4511-9D55-5E5879649479}.Release|Any CPU.ActiveCfg = Release|Any CPU
		{52E3C7B7-9426-4511-9D55-5E5879649479}.Release|Any CPU.Build.0 = Release|Any CPU
	EndGlobalSection
	GlobalSection(SolutionProperties) = preSolution
		HideSolutionNode = FALSE
	EndGlobalSection
	GlobalSection(ExtensibilityGlobals) = postSolution
		SolutionGuid = {B49384EF-CF97-49E6-82C8-EE3E34996EE9}
	EndGlobalSection
EndGlobal
